
Microsoft Visual Studio Solution File, Format Version 12.00
# Visual Studio Version 16
VisualStudioVersion = 16.0.30907.101
MinimumVisualStudioVersion = 10.0.40219.1
Project("{9A19103F-16F7-4668-BE54-9A1E7A4F7556}") = "FigureConsole", "FigureConsole\FigureConsole.csproj", "{5493018C-FE44-4257-9DE2-AC37E7F0E553}"
EndProject
Project("{9A19103F-16F7-4668-BE54-9A1E7A4F7556}") = "FiguresLibrary", "FiguresLibrary\FiguresLibrary.csproj", "{C9E05D03-468D-4853-8426-E017856AA76D}"
EndProject
Project("{FAE04EC0-301F-11D3-BF4B-00C04F79EFBC}") = "FiguresLibrary.Tests", "FiguresLibrary.Tests\FiguresLibrary.Tests.csproj", "{31D88E14-4FC9-4BE4-B9D0-354E5F81F5FB}"
EndProject
Global
	GlobalSection(SolutionConfigurationPlatforms) = preSolution
		Debug|Any CPU = Debug|Any CPU
		Release|Any CPU = Release|Any CPU
	EndGlobalSection
	GlobalSection(ProjectConfigurationPlatforms) = postSolution
		{5493018C-FE44-4257-9DE2-AC37E7F0E553}.Debug|Any CPU.ActiveCfg = Debug|Any CPU
		{5493018C-FE44-4257-9DE2-AC37E7F0E553}.Debug|Any CPU.Build.0 = Debug|Any CPU
		{5493018C-FE44-4257-9DE2-AC37E7F0E553}.Release|Any CPU.ActiveCfg = Release|Any CPU
		{5493018C-FE44-4257-9DE2-AC37E7F0E553}.Release|Any CPU.Build.0 = Release|Any CPU
		{C9E05D03-468D-4853-8426-E017856AA76D}.Debug|Any CPU.ActiveCfg = Debug|Any CPU
		{C9E05D03-468D-4853-8426-E017856AA76D}.Debug|Any CPU.Build.0 = Debug|Any CPU
		{C9E05D03-468D-4853-8426-E017856AA76D}.Release|Any CPU.ActiveCfg = Release|Any CPU
		{C9E05D03-468D-4853-8426-E017856AA76D}.Release|Any CPU.Build.0 = Release|Any CPU
		{31D88E14-4FC9-4BE4-B9D0-354E5F81F5FB}.Debug|Any CPU.ActiveCfg = Debug|Any CPU
		{31D88E14-4FC9-4BE4-B9D0-354E5F81F5FB}.Debug|Any CPU.Build.0 = Debug|Any CPU
		{31D88E14-4FC9-4BE4-B9D0-354E5F81F5FB}.Release|Any CPU.ActiveCfg = Release|Any CPU
		{31D88E14-4FC9-4BE4-B9D0-354E5F81F5FB}.Release|Any CPU.Build.0 = Release|Any CPU
	EndGlobalSection
	GlobalSection(SolutionProperties) = preSolution
		HideSolutionNode = FALSE
	EndGlobalSection
	GlobalSection(ExtensibilityGlobals) = postSolution
		SolutionGuid = {FBE68494-6A0A-4A87-B606-3F3A5AF093F3}
	EndGlobalSection
EndGlobal
